
Microsoft Visual Studio Solution File, Format Version 12.00
# Visual Studio Version 17
VisualStudioVersion = 17.10.35201.131
MinimumVisualStudioVersion = 10.0.40219.1
Project("{FAE04EC0-301F-11D3-BF4B-00C04F79EFBC}") = "BussyControl", "BussyControl\BussyControl.csproj", "{38BE91A3-CFF7-4D50-AD94-0AEFAF285818}"
EndProject
Global
	GlobalSection(SolutionConfigurationPlatforms) = preSolution
		Debug|Any CPU = Debug|Any CPU
		Release|Any CPU = Release|Any CPU
	EndGlobalSection
	GlobalSection(ProjectConfigurationPlatforms) = postSolution
		{38BE91A3-CFF7-4D50-AD94-0AEFAF285818}.Debug|Any CPU.ActiveCfg = Debug|Any CPU
		{38BE91A3-CFF7-4D50-AD94-0AEFAF285818}.Debug|Any CPU.Build.0 = Debug|Any CPU
		{38BE91A3-CFF7-4D50-AD94-0AEFAF285818}.Release|Any CPU.ActiveCfg = Release|Any CPU
		{38BE91A3-CFF7-4D50-AD94-0AEFAF285818}.Release|Any CPU.Build.0 = Release|Any CPU
	EndGlobalSection
	GlobalSection(SolutionProperties) = preSolution
		HideSolutionNode = FALSE
	EndGlobalSection
	GlobalSection(ExtensibilityGlobals) = postSolution
		SolutionGuid = {D1ADC060-A1D9-4566-922C-5118A094A5E1}
	EndGlobalSection
EndGlobal
